// !$*UTF8*$!
{
	archiveVersion = 1;
	classes = {
	};
	objectVersion = 46;
	objects = {

/* Begin PBXBuildFile section */
		1601F6911B390D5D0082AC77 /* GUIComponent.cpp in Sources */ = {isa = PBXBuildFile; fileRef = 1601F68F1B390D5D0082AC77 /* GUIComponent.cpp */; };
		1601F6981B390E010082AC77 /* GUIMenuItem.cpp in Sources */ = {isa = PBXBuildFile; fileRef = 1601F6961B390E010082AC77 /* GUIMenuItem.cpp */; };
		1601F6991B3914100082AC77 /* main.cpp in Sources */ = {isa = PBXBuildFile; fileRef = 16E7A4101AD1F7C5005674F7 /* main.cpp */; };
		164389071ACE0384001A7211 /* main.cpp in Sources */ = {isa = PBXBuildFile; fileRef = 164389061ACE0384001A7211 /* main.cpp */; };
		1643890E1ACE0395001A7211 /* OpenGL.framework in Frameworks */ = {isa = PBXBuildFile; fileRef = 1643890D1ACE0395001A7211 /* OpenGL.framework */; };
		164389101ACE039B001A7211 /* GLUT.framework in Frameworks */ = {isa = PBXBuildFile; fileRef = 1643890F1ACE039B001A7211 /* GLUT.framework */; };
		16951AFD1ACE0B6000AE37F2 /* libglfw3.a in Frameworks */ = {isa = PBXBuildFile; fileRef = 16951AFC1ACE0B6000AE37F2 /* libglfw3.a */; };
		16951AFF1ACE0BAF00AE37F2 /* Cocoa.framework in Frameworks */ = {isa = PBXBuildFile; fileRef = 16951AFE1ACE0BAF00AE37F2 /* Cocoa.framework */; };
		16951B011ACE0BC400AE37F2 /* IOKit.framework in Frameworks */ = {isa = PBXBuildFile; fileRef = 16951B001ACE0BC400AE37F2 /* IOKit.framework */; };
		16951B031ACE0BF900AE37F2 /* CoreVideo.framework in Frameworks */ = {isa = PBXBuildFile; fileRef = 16951B021ACE0BF900AE37F2 /* CoreVideo.framework */; };
		16951B091ACE1E4F00AE37F2 /* GameWindow.cpp in Sources */ = {isa = PBXBuildFile; fileRef = 16951B071ACE1E4F00AE37F2 /* GameWindow.cpp */; };
		16951B0D1ACE249B00AE37F2 /* InputManager.cpp in Sources */ = {isa = PBXBuildFile; fileRef = 16951B0B1ACE249B00AE37F2 /* InputManager.cpp */; };
		16AB28191DBD1DDD002E3242 /* ShaderManager.cpp in Sources */ = {isa = PBXBuildFile; fileRef = 16AB28171DBD1DDD002E3242 /* ShaderManager.cpp */; };
		16AFC3DC1DBACDE900BA15E9 /* libglfw.3.2.dylib in Frameworks */ = {isa = PBXBuildFile; fileRef = 16AFC3DB1DBACDE900BA15E9 /* libglfw.3.2.dylib */; };
		16AFC3E31DBAD41E00BA15E9 /* Resources in CopyFiles */ = {isa = PBXBuildFile; fileRef = 16AFC3E21DBAD41E00BA15E9 /* Resources */; };
		16E7A3F71AD19EF9005674F7 /* AudioManager.cpp in Sources */ = {isa = PBXBuildFile; fileRef = 16E7A3F51AD19EF9005674F7 /* AudioManager.cpp */; };
		16E7A3F91AD19F0A005674F7 /* OpenAL.framework in Frameworks */ = {isa = PBXBuildFile; fileRef = 16E7A3F81AD19F0A005674F7 /* OpenAL.framework */; };
		16E7A3FC1AD1AAD8005674F7 /* libalut.a in Frameworks */ = {isa = PBXBuildFile; fileRef = 16E7A3FB1AD1AAD8005674F7 /* libalut.a */; };
		16E7A43A1AD1F824005674F7 /* OpenAL.framework in Frameworks */ = {isa = PBXBuildFile; fileRef = 16E7A3F81AD19F0A005674F7 /* OpenAL.framework */; };
		16E7A43B1AD1F824005674F7 /* CoreVideo.framework in Frameworks */ = {isa = PBXBuildFile; fileRef = 16951B021ACE0BF900AE37F2 /* CoreVideo.framework */; };
		16E7A43C1AD1F824005674F7 /* IOKit.framework in Frameworks */ = {isa = PBXBuildFile; fileRef = 16951B001ACE0BC400AE37F2 /* IOKit.framework */; };
		16E7A43D1AD1F824005674F7 /* Cocoa.framework in Frameworks */ = {isa = PBXBuildFile; fileRef = 16951AFE1ACE0BAF00AE37F2 /* Cocoa.framework */; };
		16E7A43E1AD1F824005674F7 /* GLUT.framework in Frameworks */ = {isa = PBXBuildFile; fileRef = 1643890F1ACE039B001A7211 /* GLUT.framework */; };
		16E7A43F1AD1F824005674F7 /* OpenGL.framework in Frameworks */ = {isa = PBXBuildFile; fileRef = 1643890D1ACE0395001A7211 /* OpenGL.framework */; };
		16E7A4401AD1F824005674F7 /* libalut.a in Frameworks */ = {isa = PBXBuildFile; fileRef = 16E7A3FB1AD1AAD8005674F7 /* libalut.a */; };
		16E7A4411AD1F824005674F7 /* libglfw3.a in Frameworks */ = {isa = PBXBuildFile; fileRef = 16951AFC1ACE0B6000AE37F2 /* libglfw3.a */; };
		16F2FB491AD0C1910041341D /* GUIManager.cpp in Sources */ = {isa = PBXBuildFile; fileRef = 16F2FB471AD0C1910041341D /* GUIManager.cpp */; };
		16F2FB4C1AD0C27A0041341D /* GUIScreen.cpp in Sources */ = {isa = PBXBuildFile; fileRef = 16F2FB4A1AD0C27A0041341D /* GUIScreen.cpp */; };
		16FE40BD1AE4804600194CF9 /* GameStateManager.cpp in Sources */ = {isa = PBXBuildFile; fileRef = 16FE40BB1AE4804600194CF9 /* GameStateManager.cpp */; };
		16FE40C01AE4882600194CF9 /* Game.cpp in Sources */ = {isa = PBXBuildFile; fileRef = 16FE40BE1AE4882600194CF9 /* Game.cpp */; };
/* End PBXBuildFile section */

/* Begin PBXCopyFilesBuildPhase section */
		164389011ACE0384001A7211 /* CopyFiles */ = {
			isa = PBXCopyFilesBuildPhase;
			buildActionMask = 12;
			dstPath = "";
			dstSubfolderSpec = 16;
			files = (
				16AFC3E31DBAD41E00BA15E9 /* Resources in CopyFiles */,
			);
			runOnlyForDeploymentPostprocessing = 0;
		};
		16E7A4421AD1F824005674F7 /* CopyFiles */ = {
			isa = PBXCopyFilesBuildPhase;
			buildActionMask = 2147483647;
			dstPath = usr/share/man/man1;
			dstSubfolderSpec = 16;
			files = (
			);
			runOnlyForDeploymentPostprocessing = 1;
		};
/* End PBXCopyFilesBuildPhase section */

/* Begin PBXFileReference section */
		1601F68F1B390D5D0082AC77 /* GUIComponent.cpp */ = {isa = PBXFileReference; fileEncoding = 4; lastKnownFileType = sourcecode.cpp.cpp; name = GUIComponent.cpp; path = src/GUI/GUIComponents/GUIComponent.cpp; sourceTree = "<group>"; };
		1601F6901B390D5D0082AC77 /* GUIComponent.h */ = {isa = PBXFileReference; fileEncoding = 4; lastKnownFileType = sourcecode.c.h; name = GUIComponent.h; path = src/GUI/GUIComponents/GUIComponent.h; sourceTree = "<group>"; };
		1601F6961B390E010082AC77 /* GUIMenuItem.cpp */ = {isa = PBXFileReference; fileEncoding = 4; lastKnownFileType = sourcecode.cpp.cpp; name = GUIMenuItem.cpp; path = src/GUI/GUIComponents/GUIMenuItem.cpp; sourceTree = "<group>"; };
		1601F6971B390E010082AC77 /* GUIMenuItem.h */ = {isa = PBXFileReference; fileEncoding = 4; lastKnownFileType = sourcecode.c.h; name = GUIMenuItem.h; path = src/GUI/GUIComponents/GUIMenuItem.h; sourceTree = "<group>"; };
		164389031ACE0384001A7211 /* TestGame */ = {isa = PBXFileReference; explicitFileType = "compiled.mach-o.executable"; includeInIndex = 0; path = TestGame; sourceTree = BUILT_PRODUCTS_DIR; };
		164389061ACE0384001A7211 /* main.cpp */ = {isa = PBXFileReference; lastKnownFileType = sourcecode.cpp.cpp; path = main.cpp; sourceTree = "<group>"; };
		1643890D1ACE0395001A7211 /* OpenGL.framework */ = {isa = PBXFileReference; lastKnownFileType = wrapper.framework; name = OpenGL.framework; path = System/Library/Frameworks/OpenGL.framework; sourceTree = SDKROOT; };
		1643890F1ACE039B001A7211 /* GLUT.framework */ = {isa = PBXFileReference; lastKnownFileType = wrapper.framework; name = GLUT.framework; path = System/Library/Frameworks/GLUT.framework; sourceTree = SDKROOT; };
		16951AFC1ACE0B6000AE37F2 /* libglfw3.a */ = {isa = PBXFileReference; lastKnownFileType = archive.ar; name = libglfw3.a; path = /usr/local/lib/libglfw3.a; sourceTree = "<absolute>"; };
		16951AFE1ACE0BAF00AE37F2 /* Cocoa.framework */ = {isa = PBXFileReference; lastKnownFileType = wrapper.framework; name = Cocoa.framework; path = System/Library/Frameworks/Cocoa.framework; sourceTree = SDKROOT; };
		16951B001ACE0BC400AE37F2 /* IOKit.framework */ = {isa = PBXFileReference; lastKnownFileType = wrapper.framework; name = IOKit.framework; path = System/Library/Frameworks/IOKit.framework; sourceTree = SDKROOT; };
		16951B021ACE0BF900AE37F2 /* CoreVideo.framework */ = {isa = PBXFileReference; lastKnownFileType = wrapper.framework; name = CoreVideo.framework; path = System/Library/Frameworks/CoreVideo.framework; sourceTree = SDKROOT; };
		16951B071ACE1E4F00AE37F2 /* GameWindow.cpp */ = {isa = PBXFileReference; fileEncoding = 4; lastKnownFileType = sourcecode.cpp.cpp; name = GameWindow.cpp; path = src/GameWindow/GameWindow.cpp; sourceTree = "<group>"; };
		16951B081ACE1E4F00AE37F2 /* GameWindow.h */ = {isa = PBXFileReference; fileEncoding = 4; lastKnownFileType = sourcecode.c.h; name = GameWindow.h; path = src/GameWindow/GameWindow.h; sourceTree = "<group>"; };
		16951B0B1ACE249B00AE37F2 /* InputManager.cpp */ = {isa = PBXFileReference; fileEncoding = 4; lastKnownFileType = sourcecode.cpp.cpp; name = InputManager.cpp; path = src/InputManager/InputManager.cpp; sourceTree = "<group>"; };
		16951B0C1ACE249B00AE37F2 /* InputManager.h */ = {isa = PBXFileReference; fileEncoding = 4; lastKnownFileType = sourcecode.c.h; name = InputManager.h; path = src/InputManager/InputManager.h; sourceTree = "<group>"; };
		16AB28171DBD1DDD002E3242 /* ShaderManager.cpp */ = {isa = PBXFileReference; fileEncoding = 4; lastKnownFileType = sourcecode.cpp.cpp; name = ShaderManager.cpp; path = src/Graphics/ShaderManager.cpp; sourceTree = "<group>"; };
		16AB28181DBD1DDD002E3242 /* ShaderManager.h */ = {isa = PBXFileReference; fileEncoding = 4; lastKnownFileType = sourcecode.c.h; name = ShaderManager.h; path = src/Graphics/ShaderManager.h; sourceTree = "<group>"; };
		16AB281A1DBD1F3F002E3242 /* Shaders.h */ = {isa = PBXFileReference; fileEncoding = 4; lastKnownFileType = sourcecode.c.h; name = Shaders.h; path = src/Graphics/Shaders.h; sourceTree = "<group>"; };
		16AFC3DB1DBACDE900BA15E9 /* libglfw.3.2.dylib */ = {isa = PBXFileReference; lastKnownFileType = "compiled.mach-o.dylib"; name = libglfw.3.2.dylib; path = ../../../../usr/local/lib/libglfw.3.2.dylib; sourceTree = "<group>"; };
		16AFC3E21DBAD41E00BA15E9 /* Resources */ = {isa = PBXFileReference; lastKnownFileType = folder; name = Resources; path = TestGame/Resources; sourceTree = "<group>"; };
		16E7A3F51AD19EF9005674F7 /* AudioManager.cpp */ = {isa = PBXFileReference; fileEncoding = 4; lastKnownFileType = sourcecode.cpp.cpp; name = AudioManager.cpp; path = src/AudioManager/AudioManager.cpp; sourceTree = "<group>"; };
		16E7A3F61AD19EF9005674F7 /* AudioManager.h */ = {isa = PBXFileReference; fileEncoding = 4; lastKnownFileType = sourcecode.c.h; name = AudioManager.h; path = src/AudioManager/AudioManager.h; sourceTree = "<group>"; };
		16E7A3F81AD19F0A005674F7 /* OpenAL.framework */ = {isa = PBXFileReference; lastKnownFileType = wrapper.framework; name = OpenAL.framework; path = System/Library/Frameworks/OpenAL.framework; sourceTree = SDKROOT; };
		16E7A3FB1AD1AAD8005674F7 /* libalut.a */ = {isa = PBXFileReference; lastKnownFileType = archive.ar; name = libalut.a; path = ../../../../usr/local/lib/libalut.a; sourceTree = "<group>"; };
		16E7A4091AD1F76F005674F7 /* testmain.cpp */ = {isa = PBXFileReference; lastKnownFileType = sourcecode.cpp.cpp; path = testmain.cpp; sourceTree = "<group>"; };
		16E7A4101AD1F7C5005674F7 /* main.cpp */ = {isa = PBXFileReference; lastKnownFileType = sourcecode.cpp.cpp; path = main.cpp; sourceTree = "<group>"; };
		16E7A4491AD1F824005674F7 /* TestGame copy */ = {isa = PBXFileReference; explicitFileType = "compiled.mach-o.executable"; includeInIndex = 0; path = "TestGame copy"; sourceTree = BUILT_PRODUCTS_DIR; };
		16F2FB471AD0C1910041341D /* GUIManager.cpp */ = {isa = PBXFileReference; fileEncoding = 4; lastKnownFileType = sourcecode.cpp.cpp; name = GUIManager.cpp; path = src/GUI/GUIManager.cpp; sourceTree = "<group>"; };
		16F2FB481AD0C1910041341D /* GUIManager.h */ = {isa = PBXFileReference; fileEncoding = 4; lastKnownFileType = sourcecode.c.h; name = GUIManager.h; path = src/GUI/GUIManager.h; sourceTree = "<group>"; };
		16F2FB4A1AD0C27A0041341D /* GUIScreen.cpp */ = {isa = PBXFileReference; fileEncoding = 4; lastKnownFileType = sourcecode.cpp.cpp; name = GUIScreen.cpp; path = src/GUI/GUIScreen.cpp; sourceTree = "<group>"; };
		16F2FB4B1AD0C27A0041341D /* GUIScreen.h */ = {isa = PBXFileReference; fileEncoding = 4; lastKnownFileType = sourcecode.c.h; name = GUIScreen.h; path = src/GUI/GUIScreen.h; sourceTree = "<group>"; };
		16FE40BB1AE4804600194CF9 /* GameStateManager.cpp */ = {isa = PBXFileReference; fileEncoding = 4; lastKnownFileType = sourcecode.cpp.cpp; name = GameStateManager.cpp; path = src/GameStateManager/GameStateManager.cpp; sourceTree = "<group>"; };
		16FE40BC1AE4804600194CF9 /* GameStateManager.h */ = {isa = PBXFileReference; fileEncoding = 4; lastKnownFileType = sourcecode.c.h; name = GameStateManager.h; path = src/GameStateManager/GameStateManager.h; sourceTree = "<group>"; };
		16FE40BE1AE4882600194CF9 /* Game.cpp */ = {isa = PBXFileReference; fileEncoding = 4; lastKnownFileType = sourcecode.cpp.cpp; name = Game.cpp; path = src/Game.cpp; sourceTree = "<group>"; };
		16FE40BF1AE4882600194CF9 /* Game.h */ = {isa = PBXFileReference; fileEncoding = 4; lastKnownFileType = sourcecode.c.h; name = Game.h; path = src/Game.h; sourceTree = "<group>"; };
/* End PBXFileReference section */

/* Begin PBXFrameworksBuildPhase section */
		164389001ACE0384001A7211 /* Frameworks */ = {
			isa = PBXFrameworksBuildPhase;
			buildActionMask = 2147483647;
			files = (
				16AFC3DC1DBACDE900BA15E9 /* libglfw.3.2.dylib in Frameworks */,
				16E7A3FC1AD1AAD8005674F7 /* libalut.a in Frameworks */,
				16E7A3F91AD19F0A005674F7 /* OpenAL.framework in Frameworks */,
				16951B031ACE0BF900AE37F2 /* CoreVideo.framework in Frameworks */,
				16951B011ACE0BC400AE37F2 /* IOKit.framework in Frameworks */,
				16951AFF1ACE0BAF00AE37F2 /* Cocoa.framework in Frameworks */,
				164389101ACE039B001A7211 /* GLUT.framework in Frameworks */,
				1643890E1ACE0395001A7211 /* OpenGL.framework in Frameworks */,
				16951AFD1ACE0B6000AE37F2 /* libglfw3.a in Frameworks */,
			);
			runOnlyForDeploymentPostprocessing = 0;
		};
		16E7A4391AD1F824005674F7 /* Frameworks */ = {
			isa = PBXFrameworksBuildPhase;
			buildActionMask = 2147483647;
			files = (
				16E7A4401AD1F824005674F7 /* libalut.a in Frameworks */,
				16E7A43A1AD1F824005674F7 /* OpenAL.framework in Frameworks */,
				16E7A43B1AD1F824005674F7 /* CoreVideo.framework in Frameworks */,
				16E7A43C1AD1F824005674F7 /* IOKit.framework in Frameworks */,
				16E7A43D1AD1F824005674F7 /* Cocoa.framework in Frameworks */,
				16E7A43E1AD1F824005674F7 /* GLUT.framework in Frameworks */,
				16E7A43F1AD1F824005674F7 /* OpenGL.framework in Frameworks */,
				16E7A4411AD1F824005674F7 /* libglfw3.a in Frameworks */,
			);
			runOnlyForDeploymentPostprocessing = 0;
		};
/* End PBXFrameworksBuildPhase section */

/* Begin PBXGroup section */
		1601F6921B390D700082AC77 /* GUIComponents */ = {
			isa = PBXGroup;
			children = (
				1601F6961B390E010082AC77 /* GUIMenuItem.cpp */,
				1601F6971B390E010082AC77 /* GUIMenuItem.h */,
				1601F68F1B390D5D0082AC77 /* GUIComponent.cpp */,
				1601F6901B390D5D0082AC77 /* GUIComponent.h */,
			);
			name = GUIComponents;
			sourceTree = "<group>";
		};
		164388FA1ACE0384001A7211 = {
			isa = PBXGroup;
			children = (
				16AFC3E21DBAD41E00BA15E9 /* Resources */,
				16E7A40F1AD1F7C5005674F7 /* TestMain */,
				16951B041ACE17D700AE37F2 /* Frameworks */,
				164389051ACE0384001A7211 /* TestGame */,
				164389041ACE0384001A7211 /* Products */,
			);
			sourceTree = "<group>";
		};
		164389041ACE0384001A7211 /* Products */ = {
			isa = PBXGroup;
			children = (
				164389031ACE0384001A7211 /* TestGame */,
				16E7A4491AD1F824005674F7 /* TestGame copy */,
			);
			name = Products;
			sourceTree = "<group>";
		};
		164389051ACE0384001A7211 /* TestGame */ = {
			isa = PBXGroup;
			children = (
				16951B051ACE1DE100AE37F2 /* src */,
				164389061ACE0384001A7211 /* main.cpp */,
				16E7A4091AD1F76F005674F7 /* testmain.cpp */,
			);
			path = TestGame;
			sourceTree = "<group>";
		};
		16951B041ACE17D700AE37F2 /* Frameworks */ = {
			isa = PBXGroup;
			children = (
				16AFC3DB1DBACDE900BA15E9 /* libglfw.3.2.dylib */,
				16E7A3FB1AD1AAD8005674F7 /* libalut.a */,
				16E7A3F81AD19F0A005674F7 /* OpenAL.framework */,
				16951B021ACE0BF900AE37F2 /* CoreVideo.framework */,
				16951B001ACE0BC400AE37F2 /* IOKit.framework */,
				16951AFE1ACE0BAF00AE37F2 /* Cocoa.framework */,
				16951AFC1ACE0B6000AE37F2 /* libglfw3.a */,
				1643890F1ACE039B001A7211 /* GLUT.framework */,
				1643890D1ACE0395001A7211 /* OpenGL.framework */,
			);
			name = Frameworks;
			sourceTree = "<group>";
		};
		16951B051ACE1DE100AE37F2 /* src */ = {
			isa = PBXGroup;
			children = (
				16AB28161DBD1D92002E3242 /* Graphics */,
				16FE40BA1AE4801600194CF9 /* GameStateManager */,
				16E7A3FA1AD19F1B005674F7 /* AudioManager */,
				16951B0A1ACE247300AE37F2 /* InputManager */,
				16FE40BE1AE4882600194CF9 /* Game.cpp */,
				16FE40BF1AE4882600194CF9 /* Game.h */,
			);
			name = src;
			sourceTree = "<group>";
		};
		16951B061ACE1E3200AE37F2 /* GameWindow */ = {
			isa = PBXGroup;
			children = (
				16951B071ACE1E4F00AE37F2 /* GameWindow.cpp */,
				16951B081ACE1E4F00AE37F2 /* GameWindow.h */,
			);
			name = GameWindow;
			sourceTree = "<group>";
		};
		16951B0A1ACE247300AE37F2 /* InputManager */ = {
			isa = PBXGroup;
			children = (
				16951B0B1ACE249B00AE37F2 /* InputManager.cpp */,
				16951B0C1ACE249B00AE37F2 /* InputManager.h */,
			);
			name = InputManager;
			sourceTree = "<group>";
		};
		16AB28161DBD1D92002E3242 /* Graphics */ = {
			isa = PBXGroup;
			children = (
				16F2FB461AD0C1740041341D /* GUI */,
				16951B061ACE1E3200AE37F2 /* GameWindow */,
				16AB28171DBD1DDD002E3242 /* ShaderManager.cpp */,
				16AB28181DBD1DDD002E3242 /* ShaderManager.h */,
				16AB281A1DBD1F3F002E3242 /* Shaders.h */,
			);
			name = Graphics;
			sourceTree = "<group>";
		};
		16E7A3FA1AD19F1B005674F7 /* AudioManager */ = {
			isa = PBXGroup;
			children = (
				16E7A3F51AD19EF9005674F7 /* AudioManager.cpp */,
				16E7A3F61AD19EF9005674F7 /* AudioManager.h */,
			);
			name = AudioManager;
			sourceTree = "<group>";
		};
		16E7A40F1AD1F7C5005674F7 /* TestMain */ = {
			isa = PBXGroup;
			children = (
				16E7A4101AD1F7C5005674F7 /* main.cpp */,
			);
			path = TestMain;
			sourceTree = "<group>";
		};
		16F2FB461AD0C1740041341D /* GUI */ = {
			isa = PBXGroup;
			children = (
				1601F6921B390D700082AC77 /* GUIComponents */,
				16F2FB471AD0C1910041341D /* GUIManager.cpp */,
				16F2FB481AD0C1910041341D /* GUIManager.h */,
				16F2FB4A1AD0C27A0041341D /* GUIScreen.cpp */,
				16F2FB4B1AD0C27A0041341D /* GUIScreen.h */,
			);
			name = GUI;
			sourceTree = "<group>";
		};
		16FE40BA1AE4801600194CF9 /* GameStateManager */ = {
			isa = PBXGroup;
			children = (
				16FE40BB1AE4804600194CF9 /* GameStateManager.cpp */,
				16FE40BC1AE4804600194CF9 /* GameStateManager.h */,
			);
			name = GameStateManager;
			sourceTree = "<group>";
		};
/* End PBXGroup section */

/* Begin PBXNativeTarget section */
		164389021ACE0384001A7211 /* TestGame */ = {
			isa = PBXNativeTarget;
			buildConfigurationList = 1643890A1ACE0384001A7211 /* Build configuration list for PBXNativeTarget "TestGame" */;
			buildPhases = (
				164388FF1ACE0384001A7211 /* Sources */,
				164389001ACE0384001A7211 /* Frameworks */,
				164389011ACE0384001A7211 /* CopyFiles */,
				16E7A4061AD1AE81005674F7 /* Resources */,
			);
			buildRules = (
			);
			dependencies = (
			);
			name = TestGame;
			productName = TestGame;
			productReference = 164389031ACE0384001A7211 /* TestGame */;
			productType = "com.apple.product-type.tool";
		};
		16E7A4301AD1F824005674F7 /* TestBinary */ = {
			isa = PBXNativeTarget;
			buildConfigurationList = 16E7A4461AD1F824005674F7 /* Build configuration list for PBXNativeTarget "TestBinary" */;
			buildPhases = (
				16E7A4311AD1F824005674F7 /* Sources */,
				16E7A4391AD1F824005674F7 /* Frameworks */,
				16E7A4421AD1F824005674F7 /* CopyFiles */,
				16E7A4441AD1F824005674F7 /* Resources */,
			);
			buildRules = (
			);
			dependencies = (
			);
			name = TestBinary;
			productName = TestGame;
			productReference = 16E7A4491AD1F824005674F7 /* TestGame copy */;
			productType = "com.apple.product-type.tool";
		};
/* End PBXNativeTarget section */

/* Begin PBXProject section */
		164388FB1ACE0384001A7211 /* Project object */ = {
			isa = PBXProject;
			attributes = {
				LastUpgradeCheck = 0620;
				ORGANIZATIONNAME = "Jacob Sawyer";
				TargetAttributes = {
					164389021ACE0384001A7211 = {
						CreatedOnToolsVersion = 6.2;
					};
				};
			};
			buildConfigurationList = 164388FE1ACE0384001A7211 /* Build configuration list for PBXProject "TestGame" */;
			compatibilityVersion = "Xcode 3.2";
			developmentRegion = English;
			hasScannedForEncodings = 0;
			knownRegions = (
				en,
			);
			mainGroup = 164388FA1ACE0384001A7211;
			productRefGroup = 164389041ACE0384001A7211 /* Products */;
			projectDirPath = "";
			projectRoot = "";
			targets = (
				164389021ACE0384001A7211 /* TestGame */,
				16E7A4301AD1F824005674F7 /* TestBinary */,
			);
		};
/* End PBXProject section */

/* Begin PBXResourcesBuildPhase section */
		16E7A4061AD1AE81005674F7 /* Resources */ = {
			isa = PBXResourcesBuildPhase;
			buildActionMask = 2147483647;
			files = (
			);
			runOnlyForDeploymentPostprocessing = 0;
		};
		16E7A4441AD1F824005674F7 /* Resources */ = {
			isa = PBXResourcesBuildPhase;
			buildActionMask = 2147483647;
			files = (
			);
			runOnlyForDeploymentPostprocessing = 0;
		};
/* End PBXResourcesBuildPhase section */

/* Begin PBXSourcesBuildPhase section */
		164388FF1ACE0384001A7211 /* Sources */ = {
			isa = PBXSourcesBuildPhase;
			buildActionMask = 2147483647;
			files = (
				16AB28191DBD1DDD002E3242 /* ShaderManager.cpp in Sources */,
				16FE40C01AE4882600194CF9 /* Game.cpp in Sources */,
				16E7A3F71AD19EF9005674F7 /* AudioManager.cpp in Sources */,
				164389071ACE0384001A7211 /* main.cpp in Sources */,
				16FE40BD1AE4804600194CF9 /* GameStateManager.cpp in Sources */,
				1601F6911B390D5D0082AC77 /* GUIComponent.cpp in Sources */,
				16951B091ACE1E4F00AE37F2 /* GameWindow.cpp in Sources */,
				16951B0D1ACE249B00AE37F2 /* InputManager.cpp in Sources */,
				16F2FB491AD0C1910041341D /* GUIManager.cpp in Sources */,
				16F2FB4C1AD0C27A0041341D /* GUIScreen.cpp in Sources */,
				1601F6981B390E010082AC77 /* GUIMenuItem.cpp in Sources */,
			);
			runOnlyForDeploymentPostprocessing = 0;
		};
		16E7A4311AD1F824005674F7 /* Sources */ = {
			isa = PBXSourcesBuildPhase;
			buildActionMask = 2147483647;
			files = (
				1601F6991B3914100082AC77 /* main.cpp in Sources */,
			);
			runOnlyForDeploymentPostprocessing = 0;
		};
/* End PBXSourcesBuildPhase section */

/* Begin XCBuildConfiguration section */
		164389081ACE0384001A7211 /* Debug */ = {
			isa = XCBuildConfiguration;
			buildSettings = {
				ALWAYS_SEARCH_USER_PATHS = NO;
				CLANG_CXX_LANGUAGE_STANDARD = "gnu++0x";
				CLANG_CXX_LIBRARY = "libc++";
				CLANG_ENABLE_MODULES = YES;
				CLANG_ENABLE_OBJC_ARC = YES;
				CLANG_WARN_BOOL_CONVERSION = YES;
				CLANG_WARN_CONSTANT_CONVERSION = YES;
				CLANG_WARN_DIRECT_OBJC_ISA_USAGE = YES_ERROR;
				CLANG_WARN_EMPTY_BODY = YES;
				CLANG_WARN_ENUM_CONVERSION = YES;
				CLANG_WARN_INT_CONVERSION = YES;
				CLANG_WARN_OBJC_ROOT_CLASS = YES_ERROR;
				CLANG_WARN_UNREACHABLE_CODE = YES;
				CLANG_WARN__DUPLICATE_METHOD_MATCH = YES;
				COPY_PHASE_STRIP = NO;
				ENABLE_STRICT_OBJC_MSGSEND = YES;
				GCC_C_LANGUAGE_STANDARD = gnu99;
				GCC_DYNAMIC_NO_PIC = NO;
				GCC_OPTIMIZATION_LEVEL = 0;
				GCC_PREPROCESSOR_DEFINITIONS = (
					"DEBUG=1",
					"$(inherited)",
				);
				GCC_SYMBOLS_PRIVATE_EXTERN = NO;
				GCC_WARN_64_TO_32_BIT_CONVERSION = YES;
				GCC_WARN_ABOUT_RETURN_TYPE = YES_ERROR;
				GCC_WARN_UNDECLARED_SELECTOR = YES;
				GCC_WARN_UNINITIALIZED_AUTOS = YES_AGGRESSIVE;
				GCC_WARN_UNUSED_FUNCTION = YES;
				GCC_WARN_UNUSED_VARIABLE = YES;
				HEADER_SEARCH_PATHS = (
					"$(inherited)",
					/Applications/Xcode.app/Contents/Developer/Toolchains/XcodeDefault.xctoolchain/usr/include,
					/opt/local/include,
					/usr/local/include,
				);
				LIBRARY_SEARCH_PATHS = (
					/opt/local/lib,
					/usr/local/lib,
				);
				MACOSX_DEPLOYMENT_TARGET = 10.9;
				MTL_ENABLE_DEBUG_INFO = YES;
				ONLY_ACTIVE_ARCH = YES;
				OTHER_LDFLAGS = "-lGLEW";
				SDKROOT = macosx;
			};
			name = Debug;
		};
		164389091ACE0384001A7211 /* Release */ = {
			isa = XCBuildConfiguration;
			buildSettings = {
				ALWAYS_SEARCH_USER_PATHS = NO;
				CLANG_CXX_LANGUAGE_STANDARD = "gnu++0x";
				CLANG_CXX_LIBRARY = "libc++";
				CLANG_ENABLE_MODULES = YES;
				CLANG_ENABLE_OBJC_ARC = YES;
				CLANG_WARN_BOOL_CONVERSION = YES;
				CLANG_WARN_CONSTANT_CONVERSION = YES;
				CLANG_WARN_DIRECT_OBJC_ISA_USAGE = YES_ERROR;
				CLANG_WARN_EMPTY_BODY = YES;
				CLANG_WARN_ENUM_CONVERSION = YES;
				CLANG_WARN_INT_CONVERSION = YES;
				CLANG_WARN_OBJC_ROOT_CLASS = YES_ERROR;
				CLANG_WARN_UNREACHABLE_CODE = YES;
				CLANG_WARN__DUPLICATE_METHOD_MATCH = YES;
				COPY_PHASE_STRIP = NO;
				DEBUG_INFORMATION_FORMAT = "dwarf-with-dsym";
				ENABLE_NS_ASSERTIONS = NO;
				ENABLE_STRICT_OBJC_MSGSEND = YES;
				GCC_C_LANGUAGE_STANDARD = gnu99;
				GCC_WARN_64_TO_32_BIT_CONVERSION = YES;
				GCC_WARN_ABOUT_RETURN_TYPE = YES_ERROR;
				GCC_WARN_UNDECLARED_SELECTOR = YES;
				GCC_WARN_UNINITIALIZED_AUTOS = YES_AGGRESSIVE;
				GCC_WARN_UNUSED_FUNCTION = YES;
				GCC_WARN_UNUSED_VARIABLE = YES;
				HEADER_SEARCH_PATHS = (
					"$(inherited)",
					/Applications/Xcode.app/Contents/Developer/Toolchains/XcodeDefault.xctoolchain/usr/include,
					/opt/local/include,
					/usr/local/include,
				);
				LIBRARY_SEARCH_PATHS = (
					/opt/local/lib,
					/usr/local/lib,
				);
				MACOSX_DEPLOYMENT_TARGET = 10.9;
				MTL_ENABLE_DEBUG_INFO = NO;
				OTHER_LDFLAGS = "-lGLEW";
				SDKROOT = macosx;
			};
			name = Release;
		};
		1643890B1ACE0384001A7211 /* Debug */ = {
			isa = XCBuildConfiguration;
			buildSettings = {
				CONFIGURATION_BUILD_DIR = "$(BUILD_DIR)/$(CONFIGURATION)$(EFFECTIVE_PLATFORM_NAME)";
				HEADER_SEARCH_PATHS = (
					"$(inherited)",
					/Applications/Xcode.app/Contents/Developer/Toolchains/XcodeDefault.xctoolchain/usr/include,
					/usr/local/include,
				);
				LIBRARY_SEARCH_PATHS = /usr/local/lib;
				PRODUCT_NAME = "$(TARGET_NAME)";
			};
			name = Debug;
		};
		1643890C1ACE0384001A7211 /* Release */ = {
			isa = XCBuildConfiguration;
			buildSettings = {
				HEADER_SEARCH_PATHS = (
					"$(inherited)",
					/Applications/Xcode.app/Contents/Developer/Toolchains/XcodeDefault.xctoolchain/usr/include,
					/usr/local/include,
				);
				LIBRARY_SEARCH_PATHS = /usr/local/lib;
				PRODUCT_NAME = "$(TARGET_NAME)";
			};
			name = Release;
		};
		16E7A4471AD1F824005674F7 /* Debug */ = {
			isa = XCBuildConfiguration;
			buildSettings = {
				HEADER_SEARCH_PATHS = (
					"$(inherited)",
					/Applications/Xcode.app/Contents/Developer/Toolchains/XcodeDefault.xctoolchain/usr/include,
					/usr/local/include,
				);
				LIBRARY_SEARCH_PATHS = /usr/local/lib;
				PRODUCT_NAME = "TestGame copy";
			};
			name = Debug;
		};
		16E7A4481AD1F824005674F7 /* Release */ = {
			isa = XCBuildConfiguration;
			buildSettings = {
				HEADER_SEARCH_PATHS = (
					"$(inherited)",
					/Applications/Xcode.app/Contents/Developer/Toolchains/XcodeDefault.xctoolchain/usr/include,
					/usr/local/include,
				);
				LIBRARY_SEARCH_PATHS = /usr/local/lib;
				PRODUCT_NAME = "TestGame copy";
			};
			name = Release;
		};
/* End XCBuildConfiguration section */

/* Begin XCConfigurationList section */
		164388FE1ACE0384001A7211 /* Build configuration list for PBXProject "TestGame" */ = {
			isa = XCConfigurationList;
			buildConfigurations = (
				164389081ACE0384001A7211 /* Debug */,
				164389091ACE0384001A7211 /* Release */,
			);
			defaultConfigurationIsVisible = 0;
			defaultConfigurationName = Release;
		};
		1643890A1ACE0384001A7211 /* Build configuration list for PBXNativeTarget "TestGame" */ = {
			isa = XCConfigurationList;
			buildConfigurations = (
				1643890B1ACE0384001A7211 /* Debug */,
				1643890C1ACE0384001A7211 /* Release */,
			);
			defaultConfigurationIsVisible = 0;
			defaultConfigurationName = Release;
		};
		16E7A4461AD1F824005674F7 /* Build configuration list for PBXNativeTarget "TestBinary" */ = {
			isa = XCConfigurationList;
			buildConfigurations = (
				16E7A4471AD1F824005674F7 /* Debug */,
				16E7A4481AD1F824005674F7 /* Release */,
			);
			defaultConfigurationIsVisible = 0;
			defaultConfigurationName = Release;
		};
/* End XCConfigurationList section */
	};
	rootObject = 164388FB1ACE0384001A7211 /* Project object */;
}
